
Microsoft Visual Studio Solution File, Format Version 12.00
# Visual Studio Version 17
VisualStudioVersion = 17.0.32014.148
MinimumVisualStudioVersion = 10.0.40219.1
Project("{9A19103F-16F7-4668-BE54-9A1E7A4F7556}") = "TestAPI (Virtual Infrastructure Test)", "TestAPI (Virtual Infrastructure Test)\TestAPI (Virtual Infrastructure Test).csproj", "{5479B7EF-72FD-4329-BDC3-3125EA98F54B}"
EndProject
Project("{9A19103F-16F7-4668-BE54-9A1E7A4F7556}") = "BusinessObjects", "BusinessObjects\BusinessObjects.csproj", "{090AB028-63B1-41AD-BC0C-2658B97D5F98}"
EndProject
Project("{FAE04EC0-301F-11D3-BF4B-00C04F79EFBC}") = "UI", "UI\UI.csproj", "{1C8D0E01-7262-460F-BC22-E966C2016DBC}"
EndProject
Global
	GlobalSection(SolutionConfigurationPlatforms) = preSolution
		Debug|Any CPU = Debug|Any CPU
		Release|Any CPU = Release|Any CPU
	EndGlobalSection
	GlobalSection(ProjectConfigurationPlatforms) = postSolution
		{5479B7EF-72FD-4329-BDC3-3125EA98F54B}.Debug|Any CPU.ActiveCfg = Debug|Any CPU
		{5479B7EF-72FD-4329-BDC3-3125EA98F54B}.Debug|Any CPU.Build.0 = Debug|Any CPU
		{5479B7EF-72FD-4329-BDC3-3125EA98F54B}.Release|Any CPU.ActiveCfg = Release|Any CPU
		{5479B7EF-72FD-4329-BDC3-3125EA98F54B}.Release|Any CPU.Build.0 = Release|Any CPU
		{090AB028-63B1-41AD-BC0C-2658B97D5F98}.Debug|Any CPU.ActiveCfg = Debug|Any CPU
		{090AB028-63B1-41AD-BC0C-2658B97D5F98}.Debug|Any CPU.Build.0 = Debug|Any CPU
		{090AB028-63B1-41AD-BC0C-2658B97D5F98}.Release|Any CPU.ActiveCfg = Release|Any CPU
		{090AB028-63B1-41AD-BC0C-2658B97D5F98}.Release|Any CPU.Build.0 = Release|Any CPU
		{1C8D0E01-7262-460F-BC22-E966C2016DBC}.Debug|Any CPU.ActiveCfg = Debug|Any CPU
		{1C8D0E01-7262-460F-BC22-E966C2016DBC}.Debug|Any CPU.Build.0 = Debug|Any CPU
		{1C8D0E01-7262-460F-BC22-E966C2016DBC}.Release|Any CPU.ActiveCfg = Release|Any CPU
		{1C8D0E01-7262-460F-BC22-E966C2016DBC}.Release|Any CPU.Build.0 = Release|Any CPU
	EndGlobalSection
	GlobalSection(SolutionProperties) = preSolution
		HideSolutionNode = FALSE
	EndGlobalSection
	GlobalSection(ExtensibilityGlobals) = postSolution
		SolutionGuid = {FD809CBA-5AA0-48BF-82D8-36111F7CFC3E}
	EndGlobalSection
EndGlobal
